
Microsoft Visual Studio Solution File, Format Version 12.00
# Visual Studio 15
VisualStudioVersion = 15.0.26430.14
MinimumVisualStudioVersion = 10.0.40219.1
Project("{FAE04EC0-301F-11D3-BF4B-00C04F79EFBC}") = "REMME.Auth.Client", "REMME.Auth.Client\REMME.Auth.Client.csproj", "{9141E380-102C-4B0E-AC63-BFE3766BF036}"
EndProject
Project("{FAE04EC0-301F-11D3-BF4B-00C04F79EFBC}") = "REMME.Auth.Client.Tests", "REMME.Auth.Client.Tests\REMME.Auth.Client.Tests.csproj", "{24AD3FFA-8202-44EC-B7A0-709DAF08C046}"
EndProject
Project("{FAE04EC0-301F-11D3-BF4B-00C04F79EFBC}") = "REMME.Auth.Example", "REMME.Auth.Example\REMME.Auth.Example.csproj", "{318DA1E6-CBCA-441C-8D64-4FEA978E0308}"
EndProject
Global
	GlobalSection(SolutionConfigurationPlatforms) = preSolution
		Debug|Any CPU = Debug|Any CPU
		Release|Any CPU = Release|Any CPU
	EndGlobalSection
	GlobalSection(ProjectConfigurationPlatforms) = postSolution
		{9141E380-102C-4B0E-AC63-BFE3766BF036}.Debug|Any CPU.ActiveCfg = Debug|Any CPU
		{9141E380-102C-4B0E-AC63-BFE3766BF036}.Debug|Any CPU.Build.0 = Debug|Any CPU
		{9141E380-102C-4B0E-AC63-BFE3766BF036}.Release|Any CPU.ActiveCfg = Release|Any CPU
		{9141E380-102C-4B0E-AC63-BFE3766BF036}.Release|Any CPU.Build.0 = Release|Any CPU
		{24AD3FFA-8202-44EC-B7A0-709DAF08C046}.Debug|Any CPU.ActiveCfg = Debug|Any CPU
		{24AD3FFA-8202-44EC-B7A0-709DAF08C046}.Debug|Any CPU.Build.0 = Debug|Any CPU
		{24AD3FFA-8202-44EC-B7A0-709DAF08C046}.Release|Any CPU.ActiveCfg = Release|Any CPU
		{24AD3FFA-8202-44EC-B7A0-709DAF08C046}.Release|Any CPU.Build.0 = Release|Any CPU
		{318DA1E6-CBCA-441C-8D64-4FEA978E0308}.Debug|Any CPU.ActiveCfg = Debug|Any CPU
		{318DA1E6-CBCA-441C-8D64-4FEA978E0308}.Debug|Any CPU.Build.0 = Debug|Any CPU
		{318DA1E6-CBCA-441C-8D64-4FEA978E0308}.Release|Any CPU.ActiveCfg = Release|Any CPU
		{318DA1E6-CBCA-441C-8D64-4FEA978E0308}.Release|Any CPU.Build.0 = Release|Any CPU
	EndGlobalSection
	GlobalSection(SolutionProperties) = preSolution
		HideSolutionNode = FALSE
	EndGlobalSection
EndGlobal
