
Microsoft Visual Studio Solution File, Format Version 12.00
# Visual Studio 15
VisualStudioVersion = 15.0.26430.14
MinimumVisualStudioVersion = 10.0.40219.1
Project("{FAE04EC0-301F-11D3-BF4B-00C04F79EFBC}") = "REMME.Auth.Example.DotNetFramework", "REMME.Auth.Example.DotNetFramework\REMME.Auth.Example.DotNetFramework.csproj", "{318DA1E6-CBCA-441C-8D64-4FEA978E0308}"
EndProject
Project("{FAE04EC0-301F-11D3-BF4B-00C04F79EFBC}") = "REMME.Auth.Example.DotNetCore", "REMME.Auth.Example.DotnetCore\REMME.Auth.Example.DotNetCore.csproj", "{77FF68EC-C24E-403C-81FE-AAE48BE60D9E}"
EndProject
Project("{FAE04EC0-301F-11D3-BF4B-00C04F79EFBC}") = "REMME.Auth.Client", "REMME.Auth.Client\REMME.Auth.Client.csproj", "{ABAE9B22-533D-4A13-87D0-3D966F399722}"
EndProject
Global
	GlobalSection(SolutionConfigurationPlatforms) = preSolution
		Debug|Any CPU = Debug|Any CPU
		Release|Any CPU = Release|Any CPU
	EndGlobalSection
	GlobalSection(ProjectConfigurationPlatforms) = postSolution
		{318DA1E6-CBCA-441C-8D64-4FEA978E0308}.Debug|Any CPU.ActiveCfg = Debug|Any CPU
		{318DA1E6-CBCA-441C-8D64-4FEA978E0308}.Debug|Any CPU.Build.0 = Debug|Any CPU
		{318DA1E6-CBCA-441C-8D64-4FEA978E0308}.Release|Any CPU.ActiveCfg = Release|Any CPU
		{318DA1E6-CBCA-441C-8D64-4FEA978E0308}.Release|Any CPU.Build.0 = Release|Any CPU
		{77FF68EC-C24E-403C-81FE-AAE48BE60D9E}.Debug|Any CPU.ActiveCfg = Debug|Any CPU
		{77FF68EC-C24E-403C-81FE-AAE48BE60D9E}.Debug|Any CPU.Build.0 = Debug|Any CPU
		{77FF68EC-C24E-403C-81FE-AAE48BE60D9E}.Release|Any CPU.ActiveCfg = Release|Any CPU
		{77FF68EC-C24E-403C-81FE-AAE48BE60D9E}.Release|Any CPU.Build.0 = Release|Any CPU
		{ABAE9B22-533D-4A13-87D0-3D966F399722}.Debug|Any CPU.ActiveCfg = Debug|Any CPU
		{ABAE9B22-533D-4A13-87D0-3D966F399722}.Debug|Any CPU.Build.0 = Debug|Any CPU
		{ABAE9B22-533D-4A13-87D0-3D966F399722}.Release|Any CPU.ActiveCfg = Release|Any CPU
		{ABAE9B22-533D-4A13-87D0-3D966F399722}.Release|Any CPU.Build.0 = Release|Any CPU
	EndGlobalSection
	GlobalSection(SolutionProperties) = preSolution
		HideSolutionNode = FALSE
	EndGlobalSection
	GlobalSection(ExtensibilityGlobals) = postSolution
		SolutionGuid = {DE34B37E-A4AB-4F93-A905-4F2B6729B420}
	EndGlobalSection
EndGlobal
